
Microsoft Visual Studio Solution File, Format Version 12.00
# Visual Studio Version 17
VisualStudioVersion = 17.14.36908.2
MinimumVisualStudioVersion = 10.0.40219.1
Project("{FAE04EC0-301F-11D3-BF4B-00C04F79EFBC}") = "JobAI.Agent", "JobAI.Agent\JobAI.Agent.csproj", "{C06EE4A2-52B8-4D3F-BCFB-0A003F417766}"
EndProject
Project("{FAE04EC0-301F-11D3-BF4B-00C04F79EFBC}") = "JobAI.Core", "JobAI.Core\JobAI.Core.csproj", "{8FB522BE-19D7-4BBF-973B-D8F504E8216C}"
EndProject
Project("{FAE04EC0-301F-11D3-BF4B-00C04F79EFBC}") = "JobAI.Web", "JobAI.Web\JobAI.Web.csproj", "{FA52C5A9-A6AA-4B0B-8D5D-1398A995462D}"
EndProject
Project("{FAE04EC0-301F-11D3-BF4B-00C04F79EFBC}") = "JobAI.Data", "JobAI.Data\JobAI.Data.csproj", "{EF552D69-0634-487C-B860-CAAE318E33BA}"
EndProject
Project("{FAE04EC0-301F-11D3-BF4B-00C04F79EFBC}") = "JobAI.Infrastructure", "JobAI.Infrastructure\JobAI.Infrastructure.csproj", "{0C52A299-E7FE-4EAB-9AEB-E3839EB64BEF}"
EndProject
Global
	GlobalSection(SolutionConfigurationPlatforms) = preSolution
		Debug|Any CPU = Debug|Any CPU
		Release|Any CPU = Release|Any CPU
	EndGlobalSection
	GlobalSection(ProjectConfigurationPlatforms) = postSolution
		{C06EE4A2-52B8-4D3F-BCFB-0A003F417766}.Debug|Any CPU.ActiveCfg = Debug|Any CPU
		{C06EE4A2-52B8-4D3F-BCFB-0A003F417766}.Debug|Any CPU.Build.0 = Debug|Any CPU
		{C06EE4A2-52B8-4D3F-BCFB-0A003F417766}.Release|Any CPU.ActiveCfg = Release|Any CPU
		{C06EE4A2-52B8-4D3F-BCFB-0A003F417766}.Release|Any CPU.Build.0 = Release|Any CPU
		{8FB522BE-19D7-4BBF-973B-D8F504E8216C}.Debug|Any CPU.ActiveCfg = Debug|Any CPU
		{8FB522BE-19D7-4BBF-973B-D8F504E8216C}.Debug|Any CPU.Build.0 = Debug|Any CPU
		{8FB522BE-19D7-4BBF-973B-D8F504E8216C}.Release|Any CPU.ActiveCfg = Release|Any CPU
		{8FB522BE-19D7-4BBF-973B-D8F504E8216C}.Release|Any CPU.Build.0 = Release|Any CPU
		{FA52C5A9-A6AA-4B0B-8D5D-1398A995462D}.Debug|Any CPU.ActiveCfg = Debug|Any CPU
		{FA52C5A9-A6AA-4B0B-8D5D-1398A995462D}.Debug|Any CPU.Build.0 = Debug|Any CPU
		{FA52C5A9-A6AA-4B0B-8D5D-1398A995462D}.Release|Any CPU.ActiveCfg = Release|Any CPU
		{FA52C5A9-A6AA-4B0B-8D5D-1398A995462D}.Release|Any CPU.Build.0 = Release|Any CPU
		{EF552D69-0634-487C-B860-CAAE318E33BA}.Debug|Any CPU.ActiveCfg = Debug|Any CPU
		{EF552D69-0634-487C-B860-CAAE318E33BA}.Debug|Any CPU.Build.0 = Debug|Any CPU
		{EF552D69-0634-487C-B860-CAAE318E33BA}.Release|Any CPU.ActiveCfg = Release|Any CPU
		{EF552D69-0634-487C-B860-CAAE318E33BA}.Release|Any CPU.Build.0 = Release|Any CPU
		{0C52A299-E7FE-4EAB-9AEB-E3839EB64BEF}.Debug|Any CPU.ActiveCfg = Debug|Any CPU
		{0C52A299-E7FE-4EAB-9AEB-E3839EB64BEF}.Debug|Any CPU.Build.0 = Debug|Any CPU
		{0C52A299-E7FE-4EAB-9AEB-E3839EB64BEF}.Release|Any CPU.ActiveCfg = Release|Any CPU
		{0C52A299-E7FE-4EAB-9AEB-E3839EB64BEF}.Release|Any CPU.Build.0 = Release|Any CPU
	EndGlobalSection
	GlobalSection(SolutionProperties) = preSolution
		HideSolutionNode = FALSE
	EndGlobalSection
	GlobalSection(ExtensibilityGlobals) = postSolution
		SolutionGuid = {A0CCE266-34FE-48D8-AA82-8AE9492453E4}
	EndGlobalSection
EndGlobal
